{
  "name": "test-henri",
  "version": "0.0.0",
  "lockfileVersion": 3,
  "requires": true,
  "packages": {
    "": {
      "name": "test-henri",
      "version": "0.0.0",
      "dependencies": {
        "@angular/common": "^22.0.0",
        "@angular/compiler": "^22.0.0",
        "@angular/core": "^22.0.0",
        "@angular/forms": "^22.0.0",
        "@angular/platform-browser": "^22.0.0",
        "@angular/router": "^22.0.0",
        "rxjs": "~7.8.0",
        "tslib": "^2.3.0"
      },
      "devDependencies": {
        "@angular/build": "^22.0.5",
        "@angular/cli": "^22.0.5",
        "@angular/compiler-cli": "^22.0.0",
        "jsdom": "^28.0.0",
        "prettier": "^3.8.1",
        "typescript": "~6.0.2",
        "vitest": "^4.0.8"
      }
    },
    "node_modules/@acemir/cssom": {
      "version": "0.9.31",
      "resolved": "https://artifactory.pnw.loc:443/artifactory/api/npm/npm-virtual-all/@acemir/cssom/-/cssom-0.9.31.tgz",
      "integrity": "sha512-ZnR3GSaH+/vJ0YlHau21FjfLYjMpYVIzTD8M8vIEQvIGxeOXyXdzCI140rrCY862p/C/BbzWsjc1dgnM9mkoTA==",
      "dev": true,
      "license": "MIT"
    },
    "node_modules/@algolia/abtesting": {
      "version": "1.18.0",
      "resolved": "https://artifactory.pnw.loc:443/artifactory/api/npm/npm-virtual-all/@algolia/abtesting/-/abtesting-1.18.0.tgz",
      "integrity": "sha512-8siuLG+FIns1AjZ/g2SDVwHz9S+ObacDQISEJvS8XsNei1zl3FXqfqQrBpmrG7ACWCyesXHbicMJtvRbg00FEw==",
      "dev": true,
      "license": "MIT",
      "dependencies": {
        "@algolia/client-common": "5.52.0",
        "@algolia/requester-browser-xhr": "5.52.0",
        "@algolia/requester-fetch": "5.52.0",
        "@algolia/requester-node-http": "5.52.0"
      },
      "engines": {
        "node": ">= 14.0.0"
      }
    },
    "node_modules/@algolia/client-abtesting": {
      "version": "5.52.0",
      "resolved": "https://artifactory.pnw.loc:443/artifactory/api/npm/npm-virtual-all/@algolia/client-abtesting/-/client-abtesting-5.52.0.tgz",
      "integrity": "sha512-wtwPgyPmO7b7sQPVgoK29c1VpfS08DnnJCmxX/oU1pV2DlMRJCzQcLN7JSloYpodyKHwM8+9wOzlAM0co3TDmA==",
      "dev": true,
      "license": "MIT",
      "dependencies": {
        "@algolia/client-common": "5.52.0",
        "@algolia/requester-browser-xhr": "5.52.0",
        "@algolia/requester-fetch": "5.52.0",
        "@algolia/requester-node-http": "5.52.0"
      },
      "engines": {
        "node": ">= 14.0.0"
      }
    },
    "node_modules/@algolia/client-analytics": {
      "version": "5.52.0",
      "resolved": "https://artifactory.pnw.loc:443/artifactory/api/npm/npm-virtual-all/@algolia/client-analytics/-/client-analytics-5.52.0.tgz",
      "integrity": "sha512-9KY36bRl4AH7RjqSeDDOKnjsz4IxQFBEOB8/fWmEbdQe+Isbs5jGzVJu9NEPQ1Tgwxlf8Uf07Swj3jZyMNUZ2g==",
      "dev": true,
      "license": "MIT",
      "dependencies": {
        "@algolia/client-common": "5.52.0",
        "@algolia/requester-browser-xhr": "5.52.0",
        "@algolia/requester-fetch": "5.52.0",
        "@algolia/requester-node-http": "5.52.0"
      },
      "engines": {
        "node": ">= 14.0.0"
      }
    },
    "node_modules/@algolia/client-common": {
      "version": "5.52.0",
      "resolved": "https://artifactory.pnw.loc:443/artifactory/api/npm/npm-virtual-all/@algolia/client-common/-/client-common-5.52.0.tgz",
      "integrity": "sha512-3a/qM3dzJqqfTx7Yrw7uGQ98I3Q0rDfb4Vkv0wEzko96l7YQMxfBVz/VbLq2N+c59GweYv6Vhp8mPeqnWJSITw==",
      "dev": true,
      "license": "MIT",
      "engines": {
        "node": ">= 14.0.0"
      }
    },
    "node_modules/@algolia/client-insights": {
      "version": "5.52.0",
      "resolved": "https://artifactory.pnw.loc:443/artifactory/api/npm/npm-virtual-all/@algolia/client-insights/-/client-insights-5.52.0.tgz",
      "integrity": "sha512-Rki7ACbMcvbQW0BuM84x9dkGHY47ABmv4x9dkGHY47ABmv4x9dkGHY47ABmv4x", 
      "dev": true,
      "license": "MIT",
      "dependencies": {
        "@algolia/client-common": "5.52.0",
        "@algolia/requester-browser-xhr": "5.52.0",
        "@algolia/requester-fetch": "5.52.0",
        "@algolia/requester-node-http": "5.52.0"
      },
      "engines": {
        "node": ">= 14.0.0"
      }
    }
  }
}
